Microsoft Visual Studio Solution File, Format Version 12.00
# Visual Studio 2012
Project("{FAE04EC0-301F-11D3-BF4B-00C04F79EFBC}") = "Magtong", "Magtong.csproj", "{6CC664AC-F9F2-444F-BA37-450C8B831263}"
EndProject
Global
	GlobalSection(SolutionConfigurationPlatforms) = preSolution
	Debug|Any CPU = Debug|Any CPU
	ExportDebug|Any CPU = ExportDebug|Any CPU
	ExportRelease|Any CPU = ExportRelease|Any CPU
	EndGlobalSection
	GlobalSection(ProjectConfigurationPlatforms) = postSolution
		{6CC664AC-F9F2-444F-BA37-450C8B831263}.Debug|Any CPU.ActiveCfg = Debug|Any CPU
		{6CC664AC-F9F2-444F-BA37-450C8B831263}.Debug|Any CPU.Build.0 = Debug|Any CPU
		{6CC664AC-F9F2-444F-BA37-450C8B831263}.ExportDebug|Any CPU.ActiveCfg = ExportDebug|Any CPU
		{6CC664AC-F9F2-444F-BA37-450C8B831263}.ExportDebug|Any CPU.Build.0 = ExportDebug|Any CPU
		{6CC664AC-F9F2-444F-BA37-450C8B831263}.ExportRelease|Any CPU.ActiveCfg = ExportRelease|Any CPU
		{6CC664AC-F9F2-444F-BA37-450C8B831263}.ExportRelease|Any CPU.Build.0 = ExportRelease|Any CPU
	EndGlobalSection
EndGlobal
